<Solution>
  <Configurations>
    <Platform Name="Any CPU" />
  </Configurations>
  <Folder Name="/src/">
    <Project Path="src/CB.Api/CB.Api.csproj" />
    <Project Path="src/CB.Application/CB.Application.csproj" />
    <Project Path="src/CB.Domain/CB.Domain.csproj" />
    <Project Path="src/CB.Infrastructure/CB.Infrastructure.csproj" />
  </Folder>
  <Folder Name="/tests/">
    <Project Path="tests/CB.IntegrationTests/CB.IntegrationTests.csproj" />
  </Folder>
</Solution>
