<Solution>
  <Configurations>
    <Platform Name="Any CPU" />
  </Configurations>
  <Folder Name="/src/">
    <Project Path="src/SCA.Api/SCA.Api.csproj" />
    <Project Path="src/SCA.Application/SCA.Application.csproj" />
    <Project Path="src/SCA.Domain/SCA.Domain.csproj" />
    <Project Path="src/SCA.Infrastructure/SCA.Infrastructure.csproj" />
  </Folder>
  <Folder Name="/tests/">
    <Project Path="tests/SCA.IntegrationTests/SCA.IntegrationTests.csproj" />
  </Folder>
  <Folder Name="/Docs/">
    <File Path="Docs/00-kurulum.md" />
    <File Path="Docs/01-mimari.md" />
    <File Path="Docs/02-response-format.md" />
    <File Path="Docs/03-redis-cache.md" />
    <File Path="Docs/04-ollama.md" />
    <File Path="Docs/05-validation-authentication.md" />
    <File Path="Docs/06-test.md" />
    <File Path="Docs/07-asterisk-stt-tts.md" />
  </Folder>
  <Folder Name="/http/">
    <File Path="http/chatbot.http" />
  </Folder>
</Solution>
